// !$*UTF8*$!
{
	archiveVersion = 1;
	classes = {
	};
	objectVersion = 77;
	objects = {

/* Begin PBXBuildFile section */
		1B3A00D92DF31C3F00BB5B68 /* Shimmer in Frameworks */ = {isa = PBXBuildFile; productRef = 1B3A00D82DF31C3F00BB5B68 /* Shimmer */; };
		1B471B9D2DFF85BA003C7591 /* BarBuddy.xctestplan in Resources */ = {isa = PBXBuildFile; fileRef = 1B471B9C2DFF85BA003C7591 /* BarBuddy.xctestplan */; };
		1BBB5B712D979D0400A5E2E8 /* FirebaseAuth in Frameworks */ = {isa = PBXBuildFile; productRef = 1BBB5B702D979D0400A5E2E8 /* FirebaseAuth */; };
		1BF7EF472D79161D001786D8 /* BottomSheet in Frameworks */ = {isa = PBXBuildFile; productRef = 1BF7EF462D79161D001786D8 /* BottomSheet */; };
		1BFF2B742DB6C59400D160AB /* PusherSwift in Frameworks */ = {isa = PBXBuildFile; productRef = 1BFF2B732DB6C59400D160AB /* PusherSwift */; settings = {ATTRIBUTES = (Required, ); }; };
		1BFF2B772DB6C73900D160AB /* SDWebImageSwiftUI in Frameworks */ = {isa = PBXBuildFile; productRef = 1BFF2B762DB6C73900D160AB /* SDWebImageSwiftUI */; };
/* End PBXBuildFile section */

/* Begin PBXContainerItemProxy section */
		599153C22D540525004B2832 /* PBXContainerItemProxy */ = {
			isa = PBXContainerItemProxy;
			containerPortal = 599153A92D540523004B2832 /* Project object */;
			proxyType = 1;
			remoteGlobalIDString = 599153B02D540523004B2832;
			remoteInfo = BarBuddy;
		};
		599153CC2D540525004B2832 /* PBXContainerItemProxy */ = {
			isa = PBXContainerItemProxy;
			containerPortal = 599153A92D540523004B2832 /* Project object */;
			proxyType = 1;
			remoteGlobalIDString = 599153B02D540523004B2832;
			remoteInfo = BarBuddy;
		};
/* End PBXContainerItemProxy section */

/* Begin PBXFileReference section */
		1B471B9C2DFF85BA003C7591 /* BarBuddy.xctestplan */ = {isa = PBXFileReference; lastKnownFileType = text; path = BarBuddy.xctestplan; sourceTree = "<group>"; };
		599153B12D540523004B2832 /* BarBuddy.app */ = {isa = PBXFileReference; explicitFileType = wrapper.application; includeInIndex = 0; path = BarBuddy.app; sourceTree = BUILT_PRODUCTS_DIR; };
		599153C12D540525004B2832 /* BarBuddyTests.xctest */ = {isa = PBXFileReference; explicitFileType = wrapper.cfbundle; includeInIndex = 0; path = BarBuddyTests.xctest; sourceTree = BUILT_PRODUCTS_DIR; };
		599153CB2D540525004B2832 /* BarBuddyUITests.xctest */ = {isa = PBXFileReference; explicitFileType = wrapper.cfbundle; includeInIndex = 0; path = BarBuddyUITests.xctest; sourceTree = BUILT_PRODUCTS_DIR; };
/* End PBXFileReference section */

/* Begin PBXFileSystemSynchronizedBuildFileExceptionSet section */
		1B43D4522D713ACA0089AA14 /* Exceptions for "BarBuddy" folder in "BarBuddy" target */ = {
			isa = PBXFileSystemSynchronizedBuildFileExceptionSet;
			membershipExceptions = (
				Info.plist,
			);
			target = 599153B02D540523004B2832 /* BarBuddy */;
		};
/* End PBXFileSystemSynchronizedBuildFileExceptionSet section */

/* Begin PBXFileSystemSynchronizedRootGroup section */
		599153B32D540523004B2832 /* BarBuddy */ = {
			isa = PBXFileSystemSynchronizedRootGroup;
			exceptions = (
				1B43D4522D713ACA0089AA14 /* Exceptions for "BarBuddy" folder in "BarBuddy" target */,
			);
			path = BarBuddy;
			sourceTree = "<group>";
		};
		599153C42D540525004B2832 /* BarBuddyTests */ = {
			isa = PBXFileSystemSynchronizedRootGroup;
			path = BarBuddyTests;
			sourceTree = "<group>";
		};
		599153CE2D540525004B2832 /* BarBuddyUITests */ = {
			isa = PBXFileSystemSynchronizedRootGroup;
			path = BarBuddyUITests;
			sourceTree = "<group>";
		};
/* End PBXFileSystemSynchronizedRootGroup section */

/* Begin PBXFrameworksBuildPhase section */
		599153AE2D540523004B2832 /* Frameworks */ = {
			isa = PBXFrameworksBuildPhase;
			buildActionMask = 2147483647;
			files = (
				1B3A00D92DF31C3F00BB5B68 /* Shimmer in Frameworks */,
				1BFF2B772DB6C73900D160AB /* SDWebImageSwiftUI in Frameworks */,
				1BF7EF472D79161D001786D8 /* BottomSheet in Frameworks */,
				1BBB5B712D979D0400A5E2E8 /* FirebaseAuth in Frameworks */,
				1BFF2B742DB6C59400D160AB /* PusherSwift in Frameworks */,
			);
			runOnlyForDeploymentPostprocessing = 0;
		};
		599153BE2D540525004B2832 /* Frameworks */ = {
			isa = PBXFrameworksBuildPhase;
			buildActionMask = 2147483647;
			files = (
			);
			runOnlyForDeploymentPostprocessing = 0;
		};
		599153C82D540525004B2832 /* Frameworks */ = {
			isa = PBXFrameworksBuildPhase;
			buildActionMask = 2147483647;
			files = (
			);
			runOnlyForDeploymentPostprocessing = 0;
		};
/* End PBXFrameworksBuildPhase section */

/* Begin PBXGroup section */
		599153A82D540523004B2832 = {
			isa = PBXGroup;
			children = (
				1B471B9C2DFF85BA003C7591 /* BarBuddy.xctestplan */,
				599153B32D540523004B2832 /* BarBuddy */,
				599153C42D540525004B2832 /* BarBuddyTests */,
				599153CE2D540525004B2832 /* BarBuddyUITests */,
				599153B22D540523004B2832 /* Products */,
			);
			sourceTree = "<group>";
		};
		599153B22D540523004B2832 /* Products */ = {
			isa = PBXGroup;
			children = (
				599153B12D540523004B2832 /* BarBuddy.app */,
				599153C12D540525004B2832 /* BarBuddyTests.xctest */,
				599153CB2D540525004B2832 /* BarBuddyUITests.xctest */,
			);
			name = Products;
			sourceTree = "<group>";
		};
/* End PBXGroup section */

/* Begin PBXNativeTarget section */
		599153B02D540523004B2832 /* BarBuddy */ = {
			isa = PBXNativeTarget;
			buildConfigurationList = 599153D52D540525004B2832 /* Build configuration list for PBXNativeTarget "BarBuddy" */;
			buildPhases = (
				599153AD2D540523004B2832 /* Sources */,
				599153AE2D540523004B2832 /* Frameworks */,
				599153AF2D540523004B2832 /* Resources */,
			);
			buildRules = (
			);
			dependencies = (
			);
			fileSystemSynchronizedGroups = (
				599153B32D540523004B2832 /* BarBuddy */,
			);
			name = BarBuddy;
			packageProductDependencies = (
				1BF7EF462D79161D001786D8 /* BottomSheet */,
				1BBB5B702D979D0400A5E2E8 /* FirebaseAuth */,
				1BFF2B732DB6C59400D160AB /* PusherSwift */,
				1BFF2B762DB6C73900D160AB /* SDWebImageSwiftUI */,
				1B3A00D82DF31C3F00BB5B68 /* Shimmer */,
			);
			productName = BarBuddy;
			productReference = 599153B12D540523004B2832 /* BarBuddy.app */;
			productType = "com.apple.product-type.application";
		};
		599153C02D540525004B2832 /* BarBuddyTests */ = {
			isa = PBXNativeTarget;
			buildConfigurationList = 599153D82D540525004B2832 /* Build configuration list for PBXNativeTarget "BarBuddyTests" */;
			buildPhases = (
				599153BD2D540525004B2832 /* Sources */,
				599153BE2D540525004B2832 /* Frameworks */,
				599153BF2D540525004B2832 /* Resources */,
			);
			buildRules = (
			);
			dependencies = (
				599153C32D540525004B2832 /* PBXTargetDependency */,
			);
			fileSystemSynchronizedGroups = (
				599153C42D540525004B2832 /* BarBuddyTests */,
			);
			name = BarBuddyTests;
			packageProductDependencies = (
			);
			productName = BarBuddyTests;
			productReference = 599153C12D540525004B2832 /* BarBuddyTests.xctest */;
			productType = "com.apple.product-type.bundle.unit-test";
		};
		599153CA2D540525004B2832 /* BarBuddyUITests */ = {
			isa = PBXNativeTarget;
			buildConfigurationList = 599153DB2D540525004B2832 /* Build configuration list for PBXNativeTarget "BarBuddyUITests" */;
			buildPhases = (
				599153C72D540525004B2832 /* Sources */,
				599153C82D540525004B2832 /* Frameworks */,
				599153C92D540525004B2832 /* Resources */,
			);
			buildRules = (
			);
			dependencies = (
				599153CD2D540525004B2832 /* PBXTargetDependency */,
			);
			fileSystemSynchronizedGroups = (
				599153CE2D540525004B2832 /* BarBuddyUITests */,
			);
			name = BarBuddyUITests;
			packageProductDependencies = (
			);
			productName = BarBuddyUITests;
			productReference = 599153CB2D540525004B2832 /* BarBuddyUITests.xctest */;
			productType = "com.apple.product-type.bundle.ui-testing";
		};
/* End PBXNativeTarget section */

/* Begin PBXProject section */
		599153A92D540523004B2832 /* Project object */ = {
			isa = PBXProject;
			attributes = {
				BuildIndependentTargetsInParallel = 1;
				LastSwiftUpdateCheck = 1620;
				LastUpgradeCheck = 2600;
				TargetAttributes = {
					599153B02D540523004B2832 = {
						CreatedOnToolsVersion = 16.2;
					};
					599153C02D540525004B2832 = {
						CreatedOnToolsVersion = 16.2;
						TestTargetID = 599153B02D540523004B2832;
					};
					599153CA2D540525004B2832 = {
						CreatedOnToolsVersion = 16.2;
						TestTargetID = 599153B02D540523004B2832;
					};
				};
			};
			buildConfigurationList = 599153AC2D540523004B2832 /* Build configuration list for PBXProject "BarBuddy" */;
			developmentRegion = en;
			hasScannedForEncodings = 0;
			knownRegions = (
				en,
				Base,
			);
			mainGroup = 599153A82D540523004B2832;
			minimizedProjectReferenceProxies = 1;
			packageReferences = (
				1BF7EF452D79161D001786D8 /* XCRemoteSwiftPackageReference "BottomSheet" */,
				1BBB5B6F2D979D0400A5E2E8 /* XCRemoteSwiftPackageReference "firebase-ios-sdk" */,
				1BFF2B722DB6C59400D160AB /* XCRemoteSwiftPackageReference "pusher-websocket-swift" */,
				1BFF2B752DB6C73900D160AB /* XCRemoteSwiftPackageReference "SDWebImageSwiftUI" */,
				1B3A00D72DF31C3F00BB5B68 /* XCRemoteSwiftPackageReference "SwiftUI-Shimmer" */,
			);
			preferredProjectObjectVersion = 77;
			productRefGroup = 599153B22D540523004B2832 /* Products */;
			projectDirPath = "";
			projectRoot = "";
			targets = (
				599153B02D540523004B2832 /* BarBuddy */,
				599153C02D540525004B2832 /* BarBuddyTests */,
				599153CA2D540525004B2832 /* BarBuddyUITests */,
			);
		};
/* End PBXProject section */

/* Begin PBXResourcesBuildPhase section */
		599153AF2D540523004B2832 /* Resources */ = {
			isa = PBXResourcesBuildPhase;
			buildActionMask = 2147483647;
			files = (
				1B471B9D2DFF85BA003C7591 /* BarBuddy.xctestplan in Resources */,
			);
			runOnlyForDeploymentPostprocessing = 0;
		};
		599153BF2D540525004B2832 /* Resources */ = {
			isa = PBXResourcesBuildPhase;
			buildActionMask = 2147483647;
			files = (
			);
			runOnlyForDeploymentPostprocessing = 0;
		};
		599153C92D540525004B2832 /* Resources */ = {
			isa = PBXResourcesBuildPhase;
			buildActionMask = 2147483647;
			files = (
			);
			runOnlyForDeploymentPostprocessing = 0;
		};
/* End PBXResourcesBuildPhase section */

/* Begin PBXSourcesBuildPhase section */
		599153AD2D540523004B2832 /* Sources */ = {
			isa = PBXSourcesBuildPhase;
			buildActionMask = 2147483647;
			files = (
			);
			runOnlyForDeploymentPostprocessing = 0;
		};
		599153BD2D540525004B2832 /* Sources */ = {
			isa = PBXSourcesBuildPhase;
			buildActionMask = 2147483647;
			files = (
			);
			runOnlyForDeploymentPostprocessing = 0;
		};
		599153C72D540525004B2832 /* Sources */ = {
			isa = PBXSourcesBuildPhase;
			buildActionMask = 2147483647;
			files = (
			);
			runOnlyForDeploymentPostprocessing = 0;
		};
/* End PBXSourcesBuildPhase section */

/* Begin PBXTargetDependency section */
		599153C32D540525004B2832 /* PBXTargetDependency */ = {
			isa = PBXTargetDependency;
			target = 599153B02D540523004B2832 /* BarBuddy */;
			targetProxy = 599153C22D540525004B2832 /* PBXContainerItemProxy */;
		};
		599153CD2D540525004B2832 /* PBXTargetDependency */ = {
			isa = PBXTargetDependency;
			target = 599153B02D540523004B2832 /* BarBuddy */;
			targetProxy = 599153CC2D540525004B2832 /* PBXContainerItemProxy */;
		};
/* End PBXTargetDependency section */

/* Begin XCBuildConfiguration section */
		599153D32D540525004B2832 /* Debug */ = {
			isa = XCBuildConfiguration;
			buildSettings = {
				ALWAYS_SEARCH_USER_PATHS = NO;
				ASSETCATALOG_COMPILER_GENERATE_SWIFT_ASSET_SYMBOL_EXTENSIONS = YES;
				CLANG_ANALYZER_NONNULL = YES;
				CLANG_ANALYZER_NUMBER_OBJECT_CONVERSION = YES_AGGRESSIVE;
				CLANG_CXX_LANGUAGE_STANDARD = "gnu++20";
				CLANG_ENABLE_MODULES = YES;
				CLANG_ENABLE_OBJC_ARC = YES;
				CLANG_ENABLE_OBJC_WEAK = YES;
				CLANG_WARN_BLOCK_CAPTURE_AUTORELEASING = YES;
				CLANG_WARN_BOOL_CONVERSION = YES;
				CLANG_WARN_COMMA = YES;
				CLANG_WARN_CONSTANT_CONVERSION = YES;
				CLANG_WARN_DEPRECATED_OBJC_IMPLEMENTATIONS = YES;
				CLANG_WARN_DIRECT_OBJC_ISA_USAGE = YES_ERROR;
				CLANG_WARN_DOCUMENTATION_COMMENTS = YES;
				CLANG_WARN_EMPTY_BODY = YES;
				CLANG_WARN_ENUM_CONVERSION = YES;
				CLANG_WARN_INFINITE_RECURSION = YES;
				CLANG_WARN_INT_CONVERSION = YES;
				CLANG_WARN_NON_LITERAL_NULL_CONVERSION = YES;
				CLANG_WARN_OBJC_IMPLICIT_RETAIN_SELF = YES;
				CLANG_WARN_OBJC_LITERAL_CONVERSION = YES;
				CLANG_WARN_OBJC_ROOT_CLASS = YES_ERROR;
				CLANG_WARN_QUOTED_INCLUDE_IN_FRAMEWORK_HEADER = YES;
				CLANG_WARN_RANGE_LOOP_ANALYSIS = YES;
				CLANG_WARN_STRICT_PROTOTYPES = YES;
				CLANG_WARN_SUSPICIOUS_MOVE = YES;
				CLANG_WARN_UNGUARDED_AVAILABILITY = YES_AGGRESSIVE;
				CLANG_WARN_UNREACHABLE_CODE = YES;
				CLANG_WARN__DUPLICATE_METHOD_MATCH = YES;
				COPY_PHASE_STRIP = NO;
				DEBUG_INFORMATION_FORMAT = dwarf;
				ENABLE_STRICT_OBJC_MSGSEND = YES;
				ENABLE_TESTABILITY = YES;
				ENABLE_USER_SCRIPT_SANDBOXING = YES;
				GCC_C_LANGUAGE_STANDARD = gnu17;
				GCC_DYNAMIC_NO_PIC = NO;
				GCC_NO_COMMON_BLOCKS = YES;
				GCC_OPTIMIZATION_LEVEL = 0;
				GCC_PREPROCESSOR_DEFINITIONS = (
					"DEBUG=1",
					"$(inherited)",
				);
				GCC_WARN_64_TO_32_BIT_CONVERSION = YES;
				GCC_WARN_ABOUT_RETURN_TYPE = YES_ERROR;
				GCC_WARN_UNDECLARED_SELECTOR = YES;
				GCC_WARN_UNINITIALIZED_AUTOS = YES_AGGRESSIVE;
				GCC_WARN_UNUSED_FUNCTION = YES;
				GCC_WARN_UNUSED_VARIABLE = YES;
				IPHONEOS_DEPLOYMENT_TARGET = 18.0;
				LOCALIZATION_PREFERS_STRING_CATALOGS = YES;
				MTL_ENABLE_DEBUG_INFO = INCLUDE_SOURCE;
				MTL_FAST_MATH = YES;
				ONLY_ACTIVE_ARCH = YES;
				SDKROOT = iphoneos;
				STRING_CATALOG_GENERATE_SYMBOLS = YES;
				SWIFT_ACTIVE_COMPILATION_CONDITIONS = "DEBUG $(inherited)";
				SWIFT_OPTIMIZATION_LEVEL = "-Onone";
			};
			name = Debug;
		};
		599153D42D540525004B2832 /* Release */ = {
			isa = XCBuildConfiguration;
			buildSettings = {
				ALWAYS_SEARCH_USER_PATHS = NO;
				ASSETCATALOG_COMPILER_GENERATE_SWIFT_ASSET_SYMBOL_EXTENSIONS = YES;
				CLANG_ANALYZER_NONNULL = YES;
				CLANG_ANALYZER_NUMBER_OBJECT_CONVERSION = YES_AGGRESSIVE;
				CLANG_CXX_LANGUAGE_STANDARD = "gnu++20";
				CLANG_ENABLE_MODULES = YES;
				CLANG_ENABLE_OBJC_ARC = YES;
				CLANG_ENABLE_OBJC_WEAK = YES;
				CLANG_WARN_BLOCK_CAPTURE_AUTORELEASING = YES;
				CLANG_WARN_BOOL_CONVERSION = YES;
				CLANG_WARN_COMMA = YES;
				CLANG_WARN_CONSTANT_CONVERSION = YES;
				CLANG_WARN_DEPRECATED_OBJC_IMPLEMENTATIONS = YES;
				CLANG_WARN_DIRECT_OBJC_ISA_USAGE = YES_ERROR;
				CLANG_WARN_DOCUMENTATION_COMMENTS = YES;
				CLANG_WARN_EMPTY_BODY = YES;
				CLANG_WARN_ENUM_CONVERSION = YES;
				CLANG_WARN_INFINITE_RECURSION = YES;
				CLANG_WARN_INT_CONVERSION = YES;
				CLANG_WARN_NON_LITERAL_NULL_CONVERSION = YES;
				CLANG_WARN_OBJC_IMPLICIT_RETAIN_SELF = YES;
				CLANG_WARN_OBJC_LITERAL_CONVERSION = YES;
				CLANG_WARN_OBJC_ROOT_CLASS = YES_ERROR;
				CLANG_WARN_QUOTED_INCLUDE_IN_FRAMEWORK_HEADER = YES;
				CLANG_WARN_RANGE_LOOP_ANALYSIS = YES;
				CLANG_WARN_STRICT_PROTOTYPES = YES;
				CLANG_WARN_SUSPICIOUS_MOVE = YES;
				CLANG_WARN_UNGUARDED_AVAILABILITY = YES_AGGRESSIVE;
				CLANG_WARN_UNREACHABLE_CODE = YES;
				CLANG_WARN__DUPLICATE_METHOD_MATCH = YES;
				COPY_PHASE_STRIP = NO;
				DEBUG_INFORMATION_FORMAT = "dwarf-with-dsym";
				ENABLE_NS_ASSERTIONS = NO;
				ENABLE_STRICT_OBJC_MSGSEND = YES;
				ENABLE_USER_SCRIPT_SANDBOXING = YES;
				GCC_C_LANGUAGE_STANDARD = gnu17;
				GCC_NO_COMMON_BLOCKS = YES;
				GCC_WARN_64_TO_32_BIT_CONVERSION = YES;
				GCC_WARN_ABOUT_RETURN_TYPE = YES_ERROR;
				GCC_WARN_UNDECLARED_SELECTOR = YES;
				GCC_WARN_UNINITIALIZED_AUTOS = YES_AGGRESSIVE;
				GCC_WARN_UNUSED_FUNCTION = YES;
				GCC_WARN_UNUSED_VARIABLE = YES;
				IPHONEOS_DEPLOYMENT_TARGET = 18.0;
				LOCALIZATION_PREFERS_STRING_CATALOGS = YES;
				MTL_ENABLE_DEBUG_INFO = NO;
				MTL_FAST_MATH = YES;
				SDKROOT = iphoneos;
				STRING_CATALOG_GENERATE_SYMBOLS = YES;
				SWIFT_COMPILATION_MODE = wholemodule;
				VALIDATE_PRODUCT = YES;
			};
			name = Release;
		};
		599153D62D540525004B2832 /* Debug */ = {
			isa = XCBuildConfiguration;
			buildSettings = {
				ASSETCATALOG_COMPILER_APPICON_NAME = AppIcon;
				ASSETCATALOG_COMPILER_GLOBAL_ACCENT_COLOR_NAME = AccentColor;
				CODE_SIGN_STYLE = Automatic;
				CURRENT_PROJECT_VERSION = 13;
				DEVELOPMENT_ASSET_PATHS = "\"BarBuddy/Preview Content\"";
				DEVELOPMENT_TEAM = KB334NZN76;
				ENABLE_PREVIEWS = YES;
				GENERATE_INFOPLIST_FILE = YES;
				INFOPLIST_FILE = BarBuddy/Info.plist;
				INFOPLIST_KEY_NSLocationWhenInUseUsageDescription = "Share location to see bars in your area.";
				INFOPLIST_KEY_UIApplicationSceneManifest_Generation = YES;
				INFOPLIST_KEY_UIApplicationSupportsIndirectInputEvents = YES;
				INFOPLIST_KEY_UILaunchScreen_Generation = YES;
				INFOPLIST_KEY_UILaunchStoryboardName = "Launch Screen";
				INFOPLIST_KEY_UISupportedInterfaceOrientations = UIInterfaceOrientationPortrait;
				INFOPLIST_KEY_UISupportedInterfaceOrientations_iPad = "UIInterfaceOrientationLandscapeLeft UIInterfaceOrientationLandscapeRight UIInterfaceOrientationPortrait UIInterfaceOrientationPortraitUpsideDown";
				INFOPLIST_KEY_UIUserInterfaceStyle = Automatic;
				IPHONEOS_DEPLOYMENT_TARGET = 18.0;
				LD_RUNPATH_SEARCH_PATHS = (
					"$(inherited)",
					"@executable_path/Frameworks",
				);
				MARKETING_VERSION = 1.2.4;
				PRODUCT_BUNDLE_IDENTIFIER = "com.jessicalilja.Bar-Buddy";
				PRODUCT_NAME = "$(TARGET_NAME)";
				SUPPORTED_PLATFORMS = "iphoneos iphonesimulator";
				SUPPORTS_MACCATALYST = NO;
				SUPPORTS_MAC_DESIGNED_FOR_IPHONE_IPAD = NO;
				SUPPORTS_XR_DESIGNED_FOR_IPHONE_IPAD = NO;
				SWIFT_EMIT_LOC_STRINGS = YES;
				SWIFT_VERSION = 6.0;
				TARGETED_DEVICE_FAMILY = 1;
				VERSIONING_SYSTEM = "apple-generic";
			};
			name = Debug;
		};
		599153D72D540525004B2832 /* Release */ = {
			isa = XCBuildConfiguration;
			buildSettings = {
				ASSETCATALOG_COMPILER_APPICON_NAME = AppIcon;
				ASSETCATALOG_COMPILER_GLOBAL_ACCENT_COLOR_NAME = AccentColor;
				CODE_SIGN_STYLE = Automatic;
				CURRENT_PROJECT_VERSION = 13;
				DEVELOPMENT_ASSET_PATHS = "\"BarBuddy/Preview Content\"";
				DEVELOPMENT_TEAM = KB334NZN76;
				ENABLE_PREVIEWS = YES;
				GENERATE_INFOPLIST_FILE = YES;
				INFOPLIST_FILE = BarBuddy/Info.plist;
				INFOPLIST_KEY_NSLocationWhenInUseUsageDescription = "Share location to see bars in your area.";
				INFOPLIST_KEY_UIApplicationSceneManifest_Generation = YES;
				INFOPLIST_KEY_UIApplicationSupportsIndirectInputEvents = YES;
				INFOPLIST_KEY_UILaunchScreen_Generation = YES;
				INFOPLIST_KEY_UILaunchStoryboardName = "Launch Screen";
				INFOPLIST_KEY_UISupportedInterfaceOrientations = UIInterfaceOrientationPortrait;
				INFOPLIST_KEY_UISupportedInterfaceOrientations_iPad = "UIInterfaceOrientationLandscapeLeft UIInterfaceOrientationLandscapeRight UIInterfaceOrientationPortrait UIInterfaceOrientationPortraitUpsideDown";
				INFOPLIST_KEY_UIUserInterfaceStyle = Automatic;
				IPHONEOS_DEPLOYMENT_TARGET = 18.0;
				LD_RUNPATH_SEARCH_PATHS = (
					"$(inherited)",
					"@executable_path/Frameworks",
				);
				MARKETING_VERSION = 1.2.4;
				PRODUCT_BUNDLE_IDENTIFIER = "com.jessicalilja.Bar-Buddy";
				PRODUCT_NAME = "$(TARGET_NAME)";
				SUPPORTED_PLATFORMS = "iphoneos iphonesimulator";
				SUPPORTS_MACCATALYST = NO;
				SUPPORTS_MAC_DESIGNED_FOR_IPHONE_IPAD = NO;
				SUPPORTS_XR_DESIGNED_FOR_IPHONE_IPAD = NO;
				SWIFT_EMIT_LOC_STRINGS = YES;
				SWIFT_VERSION = 6.0;
				TARGETED_DEVICE_FAMILY = 1;
				VERSIONING_SYSTEM = "apple-generic";
			};
			name = Release;
		};
		599153D92D540525004B2832 /* Debug */ = {
			isa = XCBuildConfiguration;
			buildSettings = {
				BUNDLE_LOADER = "$(TEST_HOST)";
				CODE_SIGN_STYLE = Automatic;
				CURRENT_PROJECT_VERSION = 1;
				GENERATE_INFOPLIST_FILE = YES;
				IPHONEOS_DEPLOYMENT_TARGET = 18.0;
				MARKETING_VERSION = 1.0;
				PRODUCT_BUNDLE_IDENTIFIER = com.jessicalilja.BarBuddyTests;
				PRODUCT_NAME = "$(TARGET_NAME)";
				SUPPORTED_PLATFORMS = "iphoneos iphonesimulator";
				SUPPORTS_MACCATALYST = NO;
				SUPPORTS_MAC_DESIGNED_FOR_IPHONE_IPAD = NO;
				SUPPORTS_XR_DESIGNED_FOR_IPHONE_IPAD = NO;
				SWIFT_EMIT_LOC_STRINGS = NO;
				SWIFT_VERSION = 5.0;
				TARGETED_DEVICE_FAMILY = 1;
				TEST_HOST = "$(BUILT_PRODUCTS_DIR)/BarBuddy.app/$(BUNDLE_EXECUTABLE_FOLDER_PATH)/BarBuddy";
			};
			name = Debug;
		};
		599153DA2D540525004B2832 /* Release */ = {
			isa = XCBuildConfiguration;
			buildSettings = {
				BUNDLE_LOADER = "$(TEST_HOST)";
				CODE_SIGN_STYLE = Automatic;
				CURRENT_PROJECT_VERSION = 1;
				GENERATE_INFOPLIST_FILE = YES;
				IPHONEOS_DEPLOYMENT_TARGET = 18.0;
				MARKETING_VERSION = 1.0;
				PRODUCT_BUNDLE_IDENTIFIER = com.jessicalilja.BarBuddyTests;
				PRODUCT_NAME = "$(TARGET_NAME)";
				SUPPORTED_PLATFORMS = "iphoneos iphonesimulator";
				SUPPORTS_MACCATALYST = NO;
				SUPPORTS_MAC_DESIGNED_FOR_IPHONE_IPAD = NO;
				SUPPORTS_XR_DESIGNED_FOR_IPHONE_IPAD = NO;
				SWIFT_EMIT_LOC_STRINGS = NO;
				SWIFT_VERSION = 5.0;
				TARGETED_DEVICE_FAMILY = 1;
				TEST_HOST = "$(BUILT_PRODUCTS_DIR)/BarBuddy.app/$(BUNDLE_EXECUTABLE_FOLDER_PATH)/BarBuddy";
			};
			name = Release;
		};
		599153DC2D540525004B2832 /* Debug */ = {
			isa = XCBuildConfiguration;
			buildSettings = {
				CODE_SIGN_STYLE = Automatic;
				CURRENT_PROJECT_VERSION = 1;
				GENERATE_INFOPLIST_FILE = YES;
				MARKETING_VERSION = 1.0;
				PRODUCT_BUNDLE_IDENTIFIER = com.jessicalilja.BarBuddyUITests;
				PRODUCT_NAME = "$(TARGET_NAME)";
				SWIFT_EMIT_LOC_STRINGS = NO;
				SWIFT_VERSION = 5.0;
				TARGETED_DEVICE_FAMILY = "1,2";
				TEST_TARGET_NAME = BarBuddy;
			};
			name = Debug;
		};
		599153DD2D540525004B2832 /* Release */ = {
			isa = XCBuildConfiguration;
			buildSettings = {
				CODE_SIGN_STYLE = Automatic;
				CURRENT_PROJECT_VERSION = 1;
				GENERATE_INFOPLIST_FILE = YES;
				MARKETING_VERSION = 1.0;
				PRODUCT_BUNDLE_IDENTIFIER = com.jessicalilja.BarBuddyUITests;
				PRODUCT_NAME = "$(TARGET_NAME)";
				SWIFT_EMIT_LOC_STRINGS = NO;
				SWIFT_VERSION = 5.0;
				TARGETED_DEVICE_FAMILY = "1,2";
				TEST_TARGET_NAME = BarBuddy;
			};
			name = Release;
		};
/* End XCBuildConfiguration section */

/* Begin XCConfigurationList section */
		599153AC2D540523004B2832 /* Build configuration list for PBXProject "BarBuddy" */ = {
			isa = XCConfigurationList;
			buildConfigurations = (
				599153D32D540525004B2832 /* Debug */,
				599153D42D540525004B2832 /* Release */,
			);
			defaultConfigurationIsVisible = 0;
			defaultConfigurationName = Release;
		};
		599153D52D540525004B2832 /* Build configuration list for PBXNativeTarget "BarBuddy" */ = {
			isa = XCConfigurationList;
			buildConfigurations = (
				599153D62D540525004B2832 /* Debug */,
				599153D72D540525004B2832 /* Release */,
			);
			defaultConfigurationIsVisible = 0;
			defaultConfigurationName = Release;
		};
		599153D82D540525004B2832 /* Build configuration list for PBXNativeTarget "BarBuddyTests" */ = {
			isa = XCConfigurationList;
			buildConfigurations = (
				599153D92D540525004B2832 /* Debug */,
				599153DA2D540525004B2832 /* Release */,
			);
			defaultConfigurationIsVisible = 0;
			defaultConfigurationName = Release;
		};
		599153DB2D540525004B2832 /* Build configuration list for PBXNativeTarget "BarBuddyUITests" */ = {
			isa = XCConfigurationList;
			buildConfigurations = (
				599153DC2D540525004B2832 /* Debug */,
				599153DD2D540525004B2832 /* Release */,
			);
			defaultConfigurationIsVisible = 0;
			defaultConfigurationName = Release;
		};
/* End XCConfigurationList section */

/* Begin XCRemoteSwiftPackageReference section */
		1B3A00D72DF31C3F00BB5B68 /* XCRemoteSwiftPackageReference "SwiftUI-Shimmer" */ = {
			isa = XCRemoteSwiftPackageReference;
			repositoryURL = "https://github.com/markiv/SwiftUI-Shimmer.git";
			requirement = {
				kind = upToNextMajorVersion;
				minimumVersion = 1.5.1;
			};
		};
		1BBB5B6F2D979D0400A5E2E8 /* XCRemoteSwiftPackageReference "firebase-ios-sdk" */ = {
			isa = XCRemoteSwiftPackageReference;
			repositoryURL = "https://github.com/firebase/firebase-ios-sdk";
			requirement = {
				kind = upToNextMajorVersion;
				minimumVersion = 11.10.0;
			};
		};
		1BF7EF452D79161D001786D8 /* XCRemoteSwiftPackageReference "BottomSheet" */ = {
			isa = XCRemoteSwiftPackageReference;
			repositoryURL = "https://github.com/lucaszischka/BottomSheet";
			requirement = {
				kind = upToNextMajorVersion;
				minimumVersion = 3.1.1;
			};
		};
		1BFF2B722DB6C59400D160AB /* XCRemoteSwiftPackageReference "pusher-websocket-swift" */ = {
			isa = XCRemoteSwiftPackageReference;
			repositoryURL = "https://github.com/pusher/pusher-websocket-swift.git";
			requirement = {
				kind = upToNextMajorVersion;
				minimumVersion = 10.1.5;
			};
		};
		1BFF2B752DB6C73900D160AB /* XCRemoteSwiftPackageReference "SDWebImageSwiftUI" */ = {
			isa = XCRemoteSwiftPackageReference;
			repositoryURL = "https://github.com/SDWebImage/SDWebImageSwiftUI.git";
			requirement = {
				kind = upToNextMajorVersion;
				minimumVersion = 3.1.3;
			};
		};
/* End XCRemoteSwiftPackageReference section */

/* Begin XCSwiftPackageProductDependency section */
		1B3A00D82DF31C3F00BB5B68 /* Shimmer */ = {
			isa = XCSwiftPackageProductDependency;
			package = 1B3A00D72DF31C3F00BB5B68 /* XCRemoteSwiftPackageReference "SwiftUI-Shimmer" */;
			productName = Shimmer;
		};
		1BBB5B702D979D0400A5E2E8 /* FirebaseAuth */ = {
			isa = XCSwiftPackageProductDependency;
			package = 1BBB5B6F2D979D0400A5E2E8 /* XCRemoteSwiftPackageReference "firebase-ios-sdk" */;
			productName = FirebaseAuth;
		};
		1BF7EF462D79161D001786D8 /* BottomSheet */ = {
			isa = XCSwiftPackageProductDependency;
			package = 1BF7EF452D79161D001786D8 /* XCRemoteSwiftPackageReference "BottomSheet" */;
			productName = BottomSheet;
		};
		1BFF2B732DB6C59400D160AB /* PusherSwift */ = {
			isa = XCSwiftPackageProductDependency;
			package = 1BFF2B722DB6C59400D160AB /* XCRemoteSwiftPackageReference "pusher-websocket-swift" */;
			productName = PusherSwift;
		};
		1BFF2B762DB6C73900D160AB /* SDWebImageSwiftUI */ = {
			isa = XCSwiftPackageProductDependency;
			package = 1BFF2B752DB6C73900D160AB /* XCRemoteSwiftPackageReference "SDWebImageSwiftUI" */;
			productName = SDWebImageSwiftUI;
		};
/* End XCSwiftPackageProductDependency section */
	};
	rootObject = 599153A92D540523004B2832 /* Project object */;
}
